// !$*UTF8*$!
{
	archiveVersion = 1;
	classes = {
	};
	objectVersion = 46;
	objects = {

/* Begin PBXBuildFile section */
		0E5380C200261D96A35FD106 /* DDData.m in Sources */ = {isa = PBXBuildFile; fileRef = BCC2B371338B1567103221E6 /* DDData.m */; };
		15EE40FE4FE7F74F9FF77E55 /* DDFileLogger.m in Sources */ = {isa = PBXBuildFile; fileRef = 06C7AA74479DBC732F3468C1 /* DDFileLogger.m */; };
		18F9F44A595D379716ABF000 /* MultipartMessageHeaderField.m in Sources */ = {isa = PBXBuildFile; fileRef = 11D068124FFFAEF6E3031136 /* MultipartMessageHeaderField.m */; };
		212E6D39CFFFE1073754DD67 /* HTTPRedirectResponse.m in Sources */ = {isa = PBXBuildFile; fileRef = BBBB3D01744FD6ECA25F2D50 /* HTTPRedirectResponse.m */; };
		26AED312F868F86AF9B52E1F /* DDRange.m in Sources */ = {isa = PBXBuildFile; fileRef = 15DC5C2ACFF91F27214B1BE0 /* DDRange.m */; };
		3C866AF0EC4AEE92EF8443D3 /* DDTTYLogger.m in Sources */ = {isa = PBXBuildFile; fileRef = C53FCD44245A1E3745B54EBF /* DDTTYLogger.m */; };
		6E95A470151E1C8F5E8A86B1 /* HTTPAuthenticationRequest.m in Sources */ = {isa = PBXBuildFile; fileRef = CD72ACF77FD433C41F0C9667 /* HTTPAuthenticationRequest.m */; };
		6FE36B3FD852F614FB457A5A /* WebSocket.m in Sources */ = {isa = PBXBuildFile; fileRef = 5221C927EE6FB010CB2AF3B2 /* WebSocket.m */; };
		7A9C9E9F187885162CB24DE0 /* HTTPConnection.m in Sources */ = {isa = PBXBuildFile; fileRef = 4D242416D8647C34A8F32B7B /* HTTPConnection.m */; };
		7D94777BB6995BC76E30EC87 /* DDNumber.m in Sources */ = {isa = PBXBuildFile; fileRef = EBEC961EBC770CABB7BBF0EA /* DDNumber.m */; };
		845EC91DF049652103EFEF0D /* HTTPAsyncFileResponse.m in Sources */ = {isa = PBXBuildFile; fileRef = 0A09CE72E9EBBEA3EC2F197E /* HTTPAsyncFileResponse.m */; };
		8EB5DA07D6894565B9CFB3FB /* DDAbstractDatabaseLogger.m in Sources */ = {isa = PBXBuildFile; fileRef = D61D1D387CDD54FC7386C6CA /* DDAbstractDatabaseLogger.m */; };
		8FBA280E0D6A48F01BDCC00F /* HTTPFileResponse.m in Sources */ = {isa = PBXBuildFile; fileRef = 63A58F2574C25D8AFFC4DD63 /* HTTPFileResponse.m */; };
		922550421817840805D4F50A /* DispatchQueueLogFormatter.m in Sources */ = {isa = PBXBuildFile; fileRef = 35A2775B3EC3B0833E9E7EB6 /* DispatchQueueLogFormatter.m */; };
		9AAF9AE8CCC53D2B213C38AB /* ContextFilterLogFormatter.m in Sources */ = {isa = PBXBuildFile; fileRef = FDBA6B8A97797E2D4DE427A9 /* ContextFilterLogFormatter.m */; };
		AFA0BC48587ED50CE37205E2 /* HTTPDataResponse.m in Sources */ = {isa = PBXBuildFile; fileRef = 4E53BE77F6C932E51BAF47B9 /* HTTPDataResponse.m */; };
		AFE6DDBA6724EC551D55E194 /* HTTPServer.m in Sources */ = {isa = PBXBuildFile; fileRef = 7C75A401DEB7CC264D344D18 /* HTTPServer.m */; };
		B4867808F8A8B483769BA3BC /* HTTPMessage.m in Sources */ = {isa = PBXBuildFile; fileRef = D9DB3750A95BF6EFCC804DDD /* HTTPMessage.m */; };
		C944864609ACCD57850DBC93 /* DDLog.m in Sources */ = {isa = PBXBuildFile; fileRef = 994D19AADF7318B71AF6EDD8 /* DDLog.m */; };
		D3D977F574E1F2FB979EBFC4 /* MultipartMessageHeader.m in Sources */ = {isa = PBXBuildFile; fileRef = 99F4C19E8C54A559B3128CAB /* MultipartMessageHeader.m */; };
		D896D480735F5E942C258BD5 /* HTTPErrorResponse.m in Sources */ = {isa = PBXBuildFile; fileRef = 4362E5D107B11FE0C6FB176E /* HTTPErrorResponse.m */; };
		DA7062F5465C20FCDDB7DAED /* HTTPDynamicFileResponse.m in Sources */ = {isa = PBXBuildFile; fileRef = 40D51665376D6B5E48B8C61F /* HTTPDynamicFileResponse.m */; };
		ECDEDE4D8A3BD502D610F846 /* DDASLLogger.m in Sources */ = {isa = PBXBuildFile; fileRef = C3C4BA555DF224E25C4C0F02 /* DDASLLogger.m */; };
		F5D3C7AD4FEEF9A88404FA8C /* MultipartFormDataParser.m in Sources */ = {isa = PBXBuildFile; fileRef = 56DC4F8745185A55984AA637 /* MultipartFormDataParser.m */; };
/* End PBXBuildFile section */

/* Begin PBXFileReference section */
		06C7AA74479DBC732F3468C1 /* DDFileLogger.m */ = {isa = PBXFileReference; lastKnownFileType = sourcecode.c.objc; path = DDFileLogger.m; sourceTree = "<group>"; };
		0A09CE72E9EBBEA3EC2F197E /* HTTPAsyncFileResponse.m */ = {isa = PBXFileReference; lastKnownFileType = sourcecode.c.objc; path = HTTPAsyncFileResponse.m; sourceTree = "<group>"; };
		0DA62F8096E1A10941E0D5EF /* DDRange.h */ = {isa = PBXFileReference; lastKnownFileType = sourcecode.c.h; path = DDRange.h; sourceTree = "<group>"; };
		11D068124FFFAEF6E3031136 /* MultipartMessageHeaderField.m */ = {isa = PBXFileReference; lastKnownFileType = sourcecode.c.objc; path = MultipartMessageHeaderField.m; sourceTree = "<group>"; };
		15DC5C2ACFF91F27214B1BE0 /* DDRange.m */ = {isa = PBXFileReference; lastKnownFileType = sourcecode.c.objc; path = DDRange.m; sourceTree = "<group>"; };
		1AAD83812322F290E28F1E9F /* DDData.h */ = {isa = PBXFileReference; lastKnownFileType = sourcecode.c.h; path = DDData.h; sourceTree = "<group>"; };
		1C351CA67FAC2E01F571D965 /* HTTPLogging.h */ = {isa = PBXFileReference; lastKnownFileType = sourcecode.c.h; path = HTTPLogging.h; sourceTree = "<group>"; };
		2664F108BACBA3FFC2DBDF20 /* DDASLLogger.h */ = {isa = PBXFileReference; lastKnownFileType = sourcecode.c.h; path = DDASLLogger.h; sourceTree = "<group>"; };
		2697A36DE2FA73B56C0DDC40 /* HTTPRedirectResponse.h */ = {isa = PBXFileReference; lastKnownFileType = sourcecode.c.h; path = HTTPRedirectResponse.h; sourceTree = "<group>"; };
		26A4EEE75F35D1FB05FE72BF /* DDLog.h */ = {isa = PBXFileReference; lastKnownFileType = sourcecode.c.h; path = DDLog.h; sourceTree = "<group>"; };
		2CD81E4210B04B0819D8D80D /* HTTPDataResponse.h */ = {isa = PBXFileReference; lastKnownFileType = sourcecode.c.h; path = HTTPDataResponse.h; sourceTree = "<group>"; };
		35A2775B3EC3B0833E9E7EB6 /* DispatchQueueLogFormatter.m */ = {isa = PBXFileReference; lastKnownFileType = sourcecode.c.objc; path = DispatchQueueLogFormatter.m; sourceTree = "<group>"; };
		3771502DEFCB07DA40002238 /* HTTPServer.h */ = {isa = PBXFileReference; lastKnownFileType = sourcecode.c.h; path = HTTPServer.h; sourceTree = "<group>"; };
		3F92A031E703A6A73F1C8772 /* DDFileLogger.h */ = {isa = PBXFileReference; lastKnownFileType = sourcecode.c.h; path = DDFileLogger.h; sourceTree = "<group>"; };
		40D51665376D6B5E48B8C61F /* HTTPDynamicFileResponse.m */ = {isa = PBXFileReference; lastKnownFileType = sourcecode.c.objc; path = HTTPDynamicFileResponse.m; sourceTree = "<group>"; };
		4362E5D107B11FE0C6FB176E /* HTTPErrorResponse.m */ = {isa = PBXFileReference; lastKnownFileType = sourcecode.c.objc; path = HTTPErrorResponse.m; sourceTree = "<group>"; };
		4408E5678EB6C94CA109DDA0 /* MultipartMessageHeader.h */ = {isa = PBXFileReference; lastKnownFileType = sourcecode.c.h; path = MultipartMessageHeader.h; sourceTree = "<group>"; };
		4D242416D8647C34A8F32B7B /* HTTPConnection.m */ = {isa = PBXFileReference; lastKnownFileType = sourcecode.c.objc; path = HTTPConnection.m; sourceTree = "<group>"; };
		4E53BE77F6C932E51BAF47B9 /* HTTPDataResponse.m */ = {isa = PBXFileReference; lastKnownFileType = sourcecode.c.objc; path = HTTPDataResponse.m; sourceTree = "<group>"; };
		5221C927EE6FB010CB2AF3B2 /* WebSocket.m */ = {isa = PBXFileReference; lastKnownFileType = sourcecode.c.objc; path = WebSocket.m; sourceTree = "<group>"; };
		56DC4F8745185A55984AA637 /* MultipartFormDataParser.m */ = {isa = PBXFileReference; lastKnownFileType = sourcecode.c.objc; path = MultipartFormDataParser.m; sourceTree = "<group>"; };
		619A7323D495E4D6673DDB0A /* HTTPAsyncFileResponse.h */ = {isa = PBXFileReference; lastKnownFileType = sourcecode.c.h; path = HTTPAsyncFileResponse.h; sourceTree = "<group>"; };
		63A58F2574C25D8AFFC4DD63 /* HTTPFileResponse.m */ = {isa = PBXFileReference; lastKnownFileType = sourcecode.c.objc; path = HTTPFileResponse.m; sourceTree = "<group>"; };
		6B697C4EB4A39122260C4478 /* HTTPFileResponse.h */ = {isa = PBXFileReference; lastKnownFileType = sourcecode.c.h; path = HTTPFileResponse.h; sourceTree = "<group>"; };
		6FA3A8EE87CC70D9219F5B8A /* HTTPDynamicFileResponse.h */ = {isa = PBXFileReference; lastKnownFileType = sourcecode.c.h; path = HTTPDynamicFileResponse.h; sourceTree = "<group>"; };
		706E5E467425C79AAA740D7D /* HTTPAuthenticationRequest.h */ = {isa = PBXFileReference; lastKnownFileType = sourcecode.c.h; path = HTTPAuthenticationRequest.h; sourceTree = "<group>"; };
		7C75A401DEB7CC264D344D18 /* HTTPServer.m */ = {isa = PBXFileReference; lastKnownFileType = sourcecode.c.objc; path = HTTPServer.m; sourceTree = "<group>"; };
		88ADCF219CC282C41274DDAC /* WebSocket.h */ = {isa = PBXFileReference; lastKnownFileType = sourcecode.c.h; path = WebSocket.h; sourceTree = "<group>"; };
		994D19AADF7318B71AF6EDD8 /* DDLog.m */ = {isa = PBXFileReference; lastKnownFileType = sourcecode.c.objc; path = DDLog.m; sourceTree = "<group>"; };
		99F4C19E8C54A559B3128CAB /* MultipartMessageHeader.m */ = {isa = PBXFileReference; lastKnownFileType = sourcecode.c.objc; path = MultipartMessageHeader.m; sourceTree = "<group>"; };
		9BB11FE1284BB55356E02F47 /* libCocoaHTTPServer.a */ = {isa = PBXFileReference; explicitFileType = archive.ar; includeInIndex = 0; path = libCocoaHTTPServer.a; sourceTree = BUILT_PRODUCTS_DIR; };
		A58D811B6D3677D9A776EA3F /* HTTPResponse.h */ = {isa = PBXFileReference; lastKnownFileType = sourcecode.c.h; path = HTTPResponse.h; sourceTree = "<group>"; };
		A5B78D51EDAC0BFE786121F4 /* MultipartFormDataParser.h */ = {isa = PBXFileReference; lastKnownFileType = sourcecode.c.h; path = MultipartFormDataParser.h; sourceTree = "<group>"; };
		AA4DA8EC0B1DEDFE674EC625 /* DispatchQueueLogFormatter.h */ = {isa = PBXFileReference; lastKnownFileType = sourcecode.c.h; path = DispatchQueueLogFormatter.h; sourceTree = "<group>"; };
		BBBB3D01744FD6ECA25F2D50 /* HTTPRedirectResponse.m */ = {isa = PBXFileReference; lastKnownFileType = sourcecode.c.objc; path = HTTPRedirectResponse.m; sourceTree = "<group>"; };
		BCC2B371338B1567103221E6 /* DDData.m */ = {isa = PBXFileReference; lastKnownFileType = sourcecode.c.objc; path = DDData.m; sourceTree = "<group>"; };
		C3C4BA555DF224E25C4C0F02 /* DDASLLogger.m */ = {isa = PBXFileReference; lastKnownFileType = sourcecode.c.objc; path = DDASLLogger.m; sourceTree = "<group>"; };
		C53FCD44245A1E3745B54EBF /* DDTTYLogger.m */ = {isa = PBXFileReference; lastKnownFileType = sourcecode.c.objc; path = DDTTYLogger.m; sourceTree = "<group>"; };
		CD72ACF77FD433C41F0C9667 /* HTTPAuthenticationRequest.m */ = {isa = PBXFileReference; lastKnownFileType = sourcecode.c.objc; path = HTTPAuthenticationRequest.m; sourceTree = "<group>"; };
		D61D1D387CDD54FC7386C6CA /* DDAbstractDatabaseLogger.m */ = {isa = PBXFileReference; lastKnownFileType = sourcecode.c.objc; path = DDAbstractDatabaseLogger.m; sourceTree = "<group>"; };
		D77D6E73F3008E2A7B804E91 /* DDAbstractDatabaseLogger.h */ = {isa = PBXFileReference; lastKnownFileType = sourcecode.c.h; path = DDAbstractDatabaseLogger.h; sourceTree = "<group>"; };
		D7A2F6AF6F13DAAC965F423E /* HTTPErrorResponse.h */ = {isa = PBXFileReference; lastKnownFileType = sourcecode.c.h; path = HTTPErrorResponse.h; sourceTree = "<group>"; };
		D85C0AA09BD958F4AABFDF37 /* HTTPConnection.h */ = {isa = PBXFileReference; lastKnownFileType = sourcecode.c.h; path = HTTPConnection.h; sourceTree = "<group>"; };
		D9DB3750A95BF6EFCC804DDD /* HTTPMessage.m */ = {isa = PBXFileReference; lastKnownFileType = sourcecode.c.objc; path = HTTPMessage.m; sourceTree = "<group>"; };
		EBEC961EBC770CABB7BBF0EA /* DDNumber.m */ = {isa = PBXFileReference; lastKnownFileType = sourcecode.c.objc; path = DDNumber.m; sourceTree = "<group>"; };
		EC25DC069B4FFB911F85B80E /* ContextFilterLogFormatter.h */ = {isa = PBXFileReference; lastKnownFileType = sourcecode.c.h; path = ContextFilterLogFormatter.h; sourceTree = "<group>"; };
		EFF3A2DC42C2F67250F47780 /* MultipartMessageHeaderField.h */ = {isa = PBXFileReference; lastKnownFileType = sourcecode.c.h; path = MultipartMessageHeaderField.h; sourceTree = "<group>"; };
		F51B9E9D3EF17F3566269023 /* DDTTYLogger.h */ = {isa = PBXFileReference; lastKnownFileType = sourcecode.c.h; path = DDTTYLogger.h; sourceTree = "<group>"; };
		F9075E00F90D11AD97F5B575 /* HTTPMessage.h */ = {isa = PBXFileReference; lastKnownFileType = sourcecode.c.h; path = HTTPMessage.h; sourceTree = "<group>"; };
		FDBA6B8A97797E2D4DE427A9 /* ContextFilterLogFormatter.m */ = {isa = PBXFileReference; lastKnownFileType = sourcecode.c.objc; path = ContextFilterLogFormatter.m; sourceTree = "<group>"; };
		FDBD5B3819C12EA924C76CFD /* DDNumber.h */ = {isa = PBXFileReference; lastKnownFileType = sourcecode.c.h; path = DDNumber.h; sourceTree = "<group>"; };
/* End PBXFileReference section */

/* Begin PBXFrameworksBuildPhase section */
		F58C2059873D114E6936BBBA /* Frameworks */ = {
			isa = PBXFrameworksBuildPhase;
			buildActionMask = 2147483647;
			files = (
			);
			runOnlyForDeploymentPostprocessing = 0;
		};
/* End PBXFrameworksBuildPhase section */

/* Begin PBXGroup section */
		02D70AB92E8C91EDCBDBF789 /* Source */ = {
			isa = PBXGroup;
			children = (
				061CEA155C5586F745DD9A33 /* Core */,
				FE1D647099B128B28139851C /* Vendor/CocoaLumberjack */,
			);
			name = Source;
			path = "CocoaHTTPServer-master";
			sourceTree = "<group>";
		};
		0354E57683FC9317D9A1B61E /* Responses */ = {
			isa = PBXGroup;
			children = (
				619A7323D495E4D6673DDB0A /* HTTPAsyncFileResponse.h */,
				0A09CE72E9EBBEA3EC2F197E /* HTTPAsyncFileResponse.m */,
				2CD81E4210B04B0819D8D80D /* HTTPDataResponse.h */,
				4E53BE77F6C932E51BAF47B9 /* HTTPDataResponse.m */,
				6FA3A8EE87CC70D9219F5B8A /* HTTPDynamicFileResponse.h */,
				40D51665376D6B5E48B8C61F /* HTTPDynamicFileResponse.m */,
				D7A2F6AF6F13DAAC965F423E /* HTTPErrorResponse.h */,
				4362E5D107B11FE0C6FB176E /* HTTPErrorResponse.m */,
				6B697C4EB4A39122260C4478 /* HTTPFileResponse.h */,
				63A58F2574C25D8AFFC4DD63 /* HTTPFileResponse.m */,
				2697A36DE2FA73B56C0DDC40 /* HTTPRedirectResponse.h */,
				BBBB3D01744FD6ECA25F2D50 /* HTTPRedirectResponse.m */,
			);
			path = Responses;
			sourceTree = "<group>";
		};
		061CEA155C5586F745DD9A33 /* Core */ = {
			isa = PBXGroup;
			children = (
				594B9C4E4A0142E513F7AFA7 /* Categories */,
				4EB844B97BC703C001F51E28 /* Mime */,
				0354E57683FC9317D9A1B61E /* Responses */,
				706E5E467425C79AAA740D7D /* HTTPAuthenticationRequest.h */,
				CD72ACF77FD433C41F0C9667 /* HTTPAuthenticationRequest.m */,
				D85C0AA09BD958F4AABFDF37 /* HTTPConnection.h */,
				4D242416D8647C34A8F32B7B /* HTTPConnection.m */,
				1C351CA67FAC2E01F571D965 /* HTTPLogging.h */,
				F9075E00F90D11AD97F5B575 /* HTTPMessage.h */,
				D9DB3750A95BF6EFCC804DDD /* HTTPMessage.m */,
				A58D811B6D3677D9A776EA3F /* HTTPResponse.h */,
				3771502DEFCB07DA40002238 /* HTTPServer.h */,
				7C75A401DEB7CC264D344D18 /* HTTPServer.m */,
				88ADCF219CC282C41274DDAC /* WebSocket.h */,
				5221C927EE6FB010CB2AF3B2 /* WebSocket.m */,
			);
			path = Core;
			sourceTree = "<group>";
		};
		287AAA409B0F6168C1192E71 /* Extensions */ = {
			isa = PBXGroup;
			children = (
				EC25DC069B4FFB911F85B80E /* ContextFilterLogFormatter.h */,
				FDBA6B8A97797E2D4DE427A9 /* ContextFilterLogFormatter.m */,
				AA4DA8EC0B1DEDFE674EC625 /* DispatchQueueLogFormatter.h */,
				35A2775B3EC3B0833E9E7EB6 /* DispatchQueueLogFormatter.m */,
			);
			path = Extensions;
			sourceTree = "<group>";
		};
		4EB844B97BC703C001F51E28 /* Mime */ = {
			isa = PBXGroup;
			children = (
				A5B78D51EDAC0BFE786121F4 /* MultipartFormDataParser.h */,
				56DC4F8745185A55984AA637 /* MultipartFormDataParser.m */,
				4408E5678EB6C94CA109DDA0 /* MultipartMessageHeader.h */,
				99F4C19E8C54A559B3128CAB /* MultipartMessageHeader.m */,
				EFF3A2DC42C2F67250F47780 /* MultipartMessageHeaderField.h */,
				11D068124FFFAEF6E3031136 /* MultipartMessageHeaderField.m */,
			);
			path = Mime;
			sourceTree = "<group>";
		};
		530BFD6E0715D56C13649989 = {
			isa = PBXGroup;
			children = (
				02D70AB92E8C91EDCBDBF789 /* Source */,
				6CD01BA11D61C76025C03759 /* Products */,
			);
			sourceTree = "<group>";
		};
		594B9C4E4A0142E513F7AFA7 /* Categories */ = {
			isa = PBXGroup;
			children = (
				1AAD83812322F290E28F1E9F /* DDData.h */,
				BCC2B371338B1567103221E6 /* DDData.m */,
				FDBD5B3819C12EA924C76CFD /* DDNumber.h */,
				EBEC961EBC770CABB7BBF0EA /* DDNumber.m */,
				0DA62F8096E1A10941E0D5EF /* DDRange.h */,
				15DC5C2ACFF91F27214B1BE0 /* DDRange.m */,
			);
			path = Categories;
			sourceTree = "<group>";
		};
		6CD01BA11D61C76025C03759 /* Products */ = {
			isa = PBXGroup;
			children = (
				9BB11FE1284BB55356E02F47 /* libCocoaHTTPServer.a */,
			);
			name = Products;
			sourceTree = "<group>";
		};
		FE1D647099B128B28139851C /* Vendor/CocoaLumberjack */ = {
			isa = PBXGroup;
			children = (
				287AAA409B0F6168C1192E71 /* Extensions */,
				2664F108BACBA3FFC2DBDF20 /* DDASLLogger.h */,
				C3C4BA555DF224E25C4C0F02 /* DDASLLogger.m */,
				D77D6E73F3008E2A7B804E91 /* DDAbstractDatabaseLogger.h */,
				D61D1D387CDD54FC7386C6CA /* DDAbstractDatabaseLogger.m */,
				3F92A031E703A6A73F1C8772 /* DDFileLogger.h */,
				06C7AA74479DBC732F3468C1 /* DDFileLogger.m */,
				26A4EEE75F35D1FB05FE72BF /* DDLog.h */,
				994D19AADF7318B71AF6EDD8 /* DDLog.m */,
				F51B9E9D3EF17F3566269023 /* DDTTYLogger.h */,
				C53FCD44245A1E3745B54EBF /* DDTTYLogger.m */,
			);
			path = Vendor/CocoaLumberjack;
			sourceTree = "<group>";
		};
/* End PBXGroup section */

/* Begin PBXNativeTarget section */
		C7935941E96C03DB4D2F33B9 /* CocoaHTTPServer */ = {
			isa = PBXNativeTarget;
			buildConfigurationList = 7F10658DCA4EA4D80FC18FE3 /* Build configuration list for PBXNativeTarget "CocoaHTTPServer" */;
			buildPhases = (
				C1DD8F57356AD66257A9880E /* Sources */,
				F58C2059873D114E6936BBBA /* Frameworks */,
			);
			buildRules = (
			);
			dependencies = (
			);
			name = CocoaHTTPServer;
			productName = CocoaHTTPServer;
			productReference = 9BB11FE1284BB55356E02F47 /* libCocoaHTTPServer.a */;
			productType = "com.apple.product-type.library.static";
		};
/* End PBXNativeTarget section */

/* Begin PBXProject section */
		5F304F783E3382EF52AE1350 /* Project object */ = {
			isa = PBXProject;
			attributes = {
				BuildIndependentTargetsInParallel = YES;
			};
			buildConfigurationList = 87E08F8C83DC6E6BE868B7D6 /* Build configuration list for PBXProject "CocoaHTTPServer_ios" */;
			compatibilityVersion = "Xcode 3.2";
			developmentRegion = English;
			hasScannedForEncodings = 1;
			knownRegions = (
				en,
			);
			mainGroup = 530BFD6E0715D56C13649989;
			projectDirPath = "";
			projectRoot = "";
			targets = (
				C7935941E96C03DB4D2F33B9 /* CocoaHTTPServer */,
			);
		};
/* End PBXProject section */

/* Begin PBXSourcesBuildPhase section */
		C1DD8F57356AD66257A9880E /* Sources */ = {
			isa = PBXSourcesBuildPhase;
			buildActionMask = 2147483647;
			files = (
				0E5380C200261D96A35FD106 /* DDData.m in Sources */,
				7D94777BB6995BC76E30EC87 /* DDNumber.m in Sources */,
				26AED312F868F86AF9B52E1F /* DDRange.m in Sources */,
				6E95A470151E1C8F5E8A86B1 /* HTTPAuthenticationRequest.m in Sources */,
				7A9C9E9F187885162CB24DE0 /* HTTPConnection.m in Sources */,
				B4867808F8A8B483769BA3BC /* HTTPMessage.m in Sources */,
				AFE6DDBA6724EC551D55E194 /* HTTPServer.m in Sources */,
				F5D3C7AD4FEEF9A88404FA8C /* MultipartFormDataParser.m in Sources */,
				D3D977F574E1F2FB979EBFC4 /* MultipartMessageHeader.m in Sources */,
				18F9F44A595D379716ABF000 /* MultipartMessageHeaderField.m in Sources */,
				845EC91DF049652103EFEF0D /* HTTPAsyncFileResponse.m in Sources */,
				AFA0BC48587ED50CE37205E2 /* HTTPDataResponse.m in Sources */,
				DA7062F5465C20FCDDB7DAED /* HTTPDynamicFileResponse.m in Sources */,
				D896D480735F5E942C258BD5 /* HTTPErrorResponse.m in Sources */,
				8FBA280E0D6A48F01BDCC00F /* HTTPFileResponse.m in Sources */,
				212E6D39CFFFE1073754DD67 /* HTTPRedirectResponse.m in Sources */,
				6FE36B3FD852F614FB457A5A /* WebSocket.m in Sources */,
				8EB5DA07D6894565B9CFB3FB /* DDAbstractDatabaseLogger.m in Sources */,
				ECDEDE4D8A3BD502D610F846 /* DDASLLogger.m in Sources */,
				15EE40FE4FE7F74F9FF77E55 /* DDFileLogger.m in Sources */,
				C944864609ACCD57850DBC93 /* DDLog.m in Sources */,
				3C866AF0EC4AEE92EF8443D3 /* DDTTYLogger.m in Sources */,
				9AAF9AE8CCC53D2B213C38AB /* ContextFilterLogFormatter.m in Sources */,
				922550421817840805D4F50A /* DispatchQueueLogFormatter.m in Sources */,
			);
			runOnlyForDeploymentPostprocessing = 0;
		};
/* End PBXSourcesBuildPhase section */

/* Begin XCBuildConfiguration section */
		183BB07C3B5A8CF1AE1FB310 /* Debug */ = {
			isa = XCBuildConfiguration;
			buildSettings = {
				"ARCHS[sdk=iphoneos*]" = (
					armv7,
					arm64,
				);
				"ARCHS[sdk=iphonesimulator*]" = (
					i386,
					x86_64,
				);
				CODE_SIGN_IDENTITY = "iPhone Developer";
				COPY_PHASE_STRIP = NO;
				DEAD_CODE_STRIPPING = NO;
				HEADER_SEARCH_PATHS = (
					"${SRCROOT}/CocoaHTTPServer-master/Vendor/CocoaAsyncSocket",
					"$(inherited)",
					/Applications/Xcode.app/Contents/Developer/Toolchains/XcodeDefault.xctoolchain/usr/include,
				);
				INTERMEDIATE_DIR = "$(PROJECT_DERIVED_FILE_DIR)/$(CONFIGURATION)";
				IPHONEOS_DEPLOYMENT_TARGET = 7.0;
				ONLY_ACTIVE_ARCH = NO;
				SDKROOT = iphoneos;
				SHARED_INTERMEDIATE_DIR = "$(SYMROOT)/DerivedSources/$(CONFIGURATION)";
				TARGETED_DEVICE_FAMILY = "1,2";
				USER_HEADER_SEARCH_PATHS = "";
				VALID_ARCHS = "i386 armv7 arm64";
			};
			name = Debug;
		};
		352F7CC14CE612B744069278 /* Release */ = {
			isa = XCBuildConfiguration;
			buildSettings = {
				CLANG_ENABLE_OBJC_ARC = YES;
				EXECUTABLE_PREFIX = lib;
				GCC_PREFIX_HEADER = "";
				GCC_PREPROCESSOR_DEFINITIONS = (
					"PLATFORM_COMPANY_NAME_WV=\\\"WV\\\"",
					"PLATFORM_MODEL_NAME_WV=\\\"6+\\\"",
					"PLATFORM_ARCHITECTURE_NAME_WV=\\\"arm64\\\"",
					"PLATFORM_DEVICE_NAME_WV=\\\"iPhone\\\"",
					"PLATFORM_PRODUCT_NAME_WV=\\\"cdm_test_app\\\"",
					"PLATFORM_BUILDINFO_WV=\\\"0.1\\\"",
					"PLATFORM_CERTIFICATE_PROV=true",
					"PLATFORM_REQUIRES_SECURE_BUFFERS=false",
					"PLATFORM_USES_CLEAR_BUFFERS=!false",
					NDEBUG,
				);
				HEADER_SEARCH_PATHS = "${inherited}";
				IPHONEOS_DEPLOYMENT_TARGET = 4.0;
				OTHER_CFLAGS = (
					"-Wno-sign-compare",
					"-Wno-deprecated",
					"-Wno-unused-function",
					"-Wno-mismatched-parameter-types",
				);
				PRODUCT_NAME = CocoaHTTPServer;
			};
			name = Release;
		};
		5B547CC379567D333CA52024 /* Debug */ = {
			isa = XCBuildConfiguration;
			buildSettings = {
				CLANG_ENABLE_OBJC_ARC = YES;
				EXECUTABLE_PREFIX = lib;
				GCC_PREFIX_HEADER = "";
				GCC_PREPROCESSOR_DEFINITIONS = (
					"PLATFORM_COMPANY_NAME_WV=\\\"WV\\\"",
					"PLATFORM_MODEL_NAME_WV=\\\"6+\\\"",
					"PLATFORM_ARCHITECTURE_NAME_WV=\\\"arm64\\\"",
					"PLATFORM_DEVICE_NAME_WV=\\\"iPhone\\\"",
					"PLATFORM_PRODUCT_NAME_WV=\\\"cdm_test_app\\\"",
					"PLATFORM_BUILDINFO_WV=\\\"0.1\\\"",
					"PLATFORM_CERTIFICATE_PROV=true",
					"PLATFORM_REQUIRES_SECURE_BUFFERS=false",
					"PLATFORM_USES_CLEAR_BUFFERS=!false",
					_DEBUG,
				);
				HEADER_SEARCH_PATHS = "${inherited}";
				IPHONEOS_DEPLOYMENT_TARGET = 4.0;
				OTHER_CFLAGS = (
					"-Wno-sign-compare",
					"-Wno-deprecated",
					"-Wno-unused-function",
					"-Wno-mismatched-parameter-types",
				);
				PRODUCT_NAME = CocoaHTTPServer;
			};
			name = Debug;
		};
		9992DDB4DA145E5D38216E44 /* Release */ = {
			isa = XCBuildConfiguration;
			buildSettings = {
				"ARCHS[sdk=iphoneos*]" = (
					armv7,
					arm64,
				);
				"ARCHS[sdk=iphonesimulator*]" = (
					i386,
					x86_64,
				);
				CODE_SIGN_IDENTITY = "iPhone Developer";
				COPY_PHASE_STRIP = NO;
				DEAD_CODE_STRIPPING = NO;
				HEADER_SEARCH_PATHS = (
					"${SRCROOT}/CocoaHTTPServer-master/Vendor/CocoaAsyncSocket",
					"$(inherited)",
					/Applications/Xcode.app/Contents/Developer/Toolchains/XcodeDefault.xctoolchain/usr/include,
				);
				INTERMEDIATE_DIR = "$(PROJECT_DERIVED_FILE_DIR)/$(CONFIGURATION)";
				IPHONEOS_DEPLOYMENT_TARGET = 7.0;
				ONLY_ACTIVE_ARCH = NO;
				SDKROOT = iphoneos;
				SHARED_INTERMEDIATE_DIR = "$(SYMROOT)/DerivedSources/$(CONFIGURATION)";
				TARGETED_DEVICE_FAMILY = "1,2";
				USER_HEADER_SEARCH_PATHS = "";
				VALID_ARCHS = "i386 armv7 arm64";
			};
			name = Release;
		};
/* End XCBuildConfiguration section */

/* Begin XCConfigurationList section */
		7F10658DCA4EA4D80FC18FE3 /* Build configuration list for PBXNativeTarget "CocoaHTTPServer" */ = {
			isa = XCConfigurationList;
			buildConfigurations = (
				5B547CC379567D333CA52024 /* Debug */,
				352F7CC14CE612B744069278 /* Release */,
			);
			defaultConfigurationIsVisible = 1;
			defaultConfigurationName = Debug;
		};
		87E08F8C83DC6E6BE868B7D6 /* Build configuration list for PBXProject "CocoaHTTPServer_ios" */ = {
			isa = XCConfigurationList;
			buildConfigurations = (
				183BB07C3B5A8CF1AE1FB310 /* Debug */,
				9992DDB4DA145E5D38216E44 /* Release */,
			);
			defaultConfigurationIsVisible = 1;
			defaultConfigurationName = Debug;
		};
/* End XCConfigurationList section */
	};
	rootObject = 5F304F783E3382EF52AE1350 /* Project object */;
}
