// !$*UTF8*$!
{
	archiveVersion = 1;
	classes = {
	};
	objectVersion = 46;
	objects = {

/* Begin PBXBuildFile section */
		03232E06445820A83A7CA992 /* AppDelegate.m in Sources */ = {isa = PBXBuildFile; fileRef = 0D2270C567D944441117F046 /* AppDelegate.m */; };
		0B76131396B938A351DEEA4D /* main.m in Sources */ = {isa = PBXBuildFile; fileRef = 8EA175CCA2CEE5F83A658681 /* main.m */; };
		132239B2D3D0320D9D4BA36E /* CFNetwork.framework in Frameworks */ = {isa = PBXBuildFile; fileRef = DCCDF5308D7CD3178BC46A92 /* CFNetwork.framework */; };
		1CF1204AFAE5BB74672D1BE8 /* DetailViewController.m in Sources */ = {isa = PBXBuildFile; fileRef = 314D35F3B535A008EC6F276F /* DetailViewController.m */; };
		22F5A3CF3D36D5A02B053522 /* Stream.m in Sources */ = {isa = PBXBuildFile; fileRef = 07AD38975B118A3FAC18FAD2 /* Stream.m */; };
		310871D975AC584DE2576C48 /* AVFoundation.framework in Frameworks */ = {isa = PBXBuildFile; fileRef = A8CE51EEB1C0AD25E5F4E154 /* AVFoundation.framework */; };
		4A5B6837B3EBAA181EEBAF57 /* Foundation.framework in Frameworks */ = {isa = PBXBuildFile; fileRef = 8A5D38A72F529F0B7DA626FD /* Foundation.framework */; };
		4CB8C57B7ADB023F74711002 /* LocalWebServer.m in Sources */ = {isa = PBXBuildFile; fileRef = 0D6AED56F206205C7C2A6DB8 /* LocalWebServer.m */; };
		6A154C25EB35BB0636BD02E7 /* MasterViewController.m in Sources */ = {isa = PBXBuildFile; fileRef = 688EE9F49558E65235EEC34E /* MasterViewController.m */; };
		782D3BE5BA64D9FC83728775 /* CoreFoundation.framework in Frameworks */ = {isa = PBXBuildFile; fileRef = 1E2D8E07E53399051A05A871 /* CoreFoundation.framework */; };
		8FA1C729D572390720479B7E /* Security.framework in Frameworks */ = {isa = PBXBuildFile; fileRef = 5F5EF5DB13BA3A4B36A1D312 /* Security.framework */; };
		9C05C429251DAE00FA0F11B9 /* PlaybackView.m in Sources */ = {isa = PBXBuildFile; fileRef = 3C99ABA0498D603BF32587C9 /* PlaybackView.m */; };
		A49F4DB3F710C45C29E75732 /* UIKit.framework in Frameworks */ = {isa = PBXBuildFile; fileRef = 2427F5060B3A7AEA1B0CC5D1 /* UIKit.framework */; };
		AC1C86FFAB6757072747C024 /* Streaming.mm in Sources */ = {isa = PBXBuildFile; fileRef = FDF77EC58BE9D2B6ECB4E7A4 /* Streaming.mm */; };
		E367BDD61AF2C37200BF7D6C /* CdmHost.mm in Sources */ = {isa = PBXBuildFile; fileRef = E367BDD11AF2C37200BF7D6C /* CdmHost.mm */; };
		E367BDD71AF2C37200BF7D6C /* CdmWrapper.mm in Sources */ = {isa = PBXBuildFile; fileRef = E367BDD31AF2C37200BF7D6C /* CdmWrapper.mm */; };
		E367BE101AF2C48F00BF7D6C /* LaunchScreen.xib in Resources */ = {isa = PBXBuildFile; fileRef = B5C1432EA0C58AFB4EA2B8DD /* LaunchScreen.xib */; };
		E367BE131AF2C48F00BF7D6C /* RefPlayer_Prefix.pch in Resources */ = {isa = PBXBuildFile; fileRef = 8D492D9C31A0303F1530CF9F /* RefPlayer_Prefix.pch */; };
		E36F58CD1AFC6C4700DEEE20 /* libCocoaAsyncSocket.a in Frameworks */ = {isa = PBXBuildFile; fileRef = E367BEB21AF2E19C00BF7D6C /* libCocoaAsyncSocket.a */; };
		E36F58CE1AFC6C4700DEEE20 /* libCocoaHTTPServer.a in Frameworks */ = {isa = PBXBuildFile; fileRef = E34E20751AF2D85E00DD4683 /* libCocoaHTTPServer.a */; };
		E36F58D01AFC6C4700DEEE20 /* libTBXML-iOS.a in Frameworks */ = {isa = PBXBuildFile; fileRef = E30901031AF988DB003E6E2A /* libTBXML-iOS.a */; };
		E36F58D81AFC6DC100DEEE20 /* CoreGraphics.framework in Frameworks */ = {isa = PBXBuildFile; fileRef = E36F58D71AFC6DC100DEEE20 /* CoreGraphics.framework */; };
		E38C2B751B703FBB008700FB /* oemcrypto_tfit2_dev_dylib_sim.framework in Frameworks */ = {isa = PBXBuildFile; fileRef = E38C2B731B703FAE008700FB /* oemcrypto_tfit2_dev_dylib_sim.framework */; };
		E38C2B761B703FBB008700FB /* oemcrypto_tfit2_dev_dylib_sim.framework in Embed Frameworks */ = {isa = PBXBuildFile; fileRef = E38C2B731B703FAE008700FB /* oemcrypto_tfit2_dev_dylib_sim.framework */; settings = {ATTRIBUTES = (CodeSignOnCopy, RemoveHeadersOnCopy, ); }; };
		E38C2B9A1B7124BD008700FB /* oemcrypto_tfit2-eit_dev_dylib.framework in Frameworks */ = {isa = PBXBuildFile; fileRef = E38C2B991B7124BD008700FB /* oemcrypto_tfit2-eit_dev_dylib.framework */; };
		E38C2B9B1B7124BD008700FB /* oemcrypto_tfit2-eit_dev_dylib.framework in Embed Frameworks */ = {isa = PBXBuildFile; fileRef = E38C2B991B7124BD008700FB /* oemcrypto_tfit2-eit_dev_dylib.framework */; settings = {ATTRIBUTES = (CodeSignOnCopy, RemoveHeadersOnCopy, ); }; };
		E3A59D401BD58DAA0018A2E4 /* Downloader.m in Sources */ = {isa = PBXBuildFile; fileRef = E3A59D3D1BD58DAA0018A2E4 /* Downloader.m */; settings = {ASSET_TAGS = (); }; };
		E3A59D411BD58DAA0018A2E4 /* Mpd.m in Sources */ = {isa = PBXBuildFile; fileRef = E3A59D3F1BD58DAA0018A2E4 /* Mpd.m */; settings = {ASSET_TAGS = (); }; };
		E3A59D461BD58DD90018A2E4 /* MediaCell.m in Sources */ = {isa = PBXBuildFile; fileRef = E3A59D431BD58DD90018A2E4 /* MediaCell.m */; settings = {ASSET_TAGS = (); }; };
		E3A59D471BD58DD90018A2E4 /* MediaResource.m in Sources */ = {isa = PBXBuildFile; fileRef = E3A59D451BD58DD90018A2E4 /* MediaResource.m */; settings = {ASSET_TAGS = (); }; };
		E3A59D4A1BD58DF20018A2E4 /* PlayerControlsView.m in Sources */ = {isa = PBXBuildFile; fileRef = E3A59D481BD58DF20018A2E4 /* PlayerControlsView.m */; settings = {ASSET_TAGS = (); }; };
		E3A59D4B1BD58DF20018A2E4 /* PlayerScrubberView.m in Sources */ = {isa = PBXBuildFile; fileRef = E3A59D491BD58DF20018A2E4 /* PlayerScrubberView.m */; settings = {ASSET_TAGS = (); }; };
		E3A59D4D1BD58F7A0018A2E4 /* mediaResources.json in Resources */ = {isa = PBXBuildFile; fileRef = E3A59D4C1BD58F7A0018A2E4 /* mediaResources.json */; };
		E3A59D631BD59B4F0018A2E4 /* ico_download_after.png in Resources */ = {isa = PBXBuildFile; fileRef = E3A59D5F1BD59B4F0018A2E4 /* ico_download_after.png */; settings = {ASSET_TAGS = (); }; };
		E3A59D641BD59B4F0018A2E4 /* ico_download_before.png in Resources */ = {isa = PBXBuildFile; fileRef = E3A59D601BD59B4F0018A2E4 /* ico_download_before.png */; settings = {ASSET_TAGS = (); }; };
		E3A59D651BD59B4F0018A2E4 /* inline_playback_enter_fullscreen_2x.png in Resources */ = {isa = PBXBuildFile; fileRef = E3A59D611BD59B4F0018A2E4 /* inline_playback_enter_fullscreen_2x.png */; settings = {ASSET_TAGS = (); }; };
		E3A59D661BD59B4F0018A2E4 /* inline_playback_exit_fullscreen_2x.png in Resources */ = {isa = PBXBuildFile; fileRef = E3A59D621BD59B4F0018A2E4 /* inline_playback_exit_fullscreen_2x.png */; settings = {ASSET_TAGS = (); }; };
		E3C428921BDB4F3F0083B0D9 /* LicenseManager.m in Sources */ = {isa = PBXBuildFile; fileRef = E3C428911BDB4F3F0083B0D9 /* LicenseManager.m */; settings = {ASSET_TAGS = (); }; };
		E3C4DB901BD5AB0600D5A74B /* Images.xcassets in Resources */ = {isa = PBXBuildFile; fileRef = E3C4DB8F1BD5AB0600D5A74B /* Images.xcassets */; settings = {ASSET_TAGS = (); }; };
		E41006763BA1D694F020AAE5 /* LocalWebConnection.m in Sources */ = {isa = PBXBuildFile; fileRef = 080A1685568016AFB8419D56 /* LocalWebConnection.m */; };
		F78F3116635CA2F99CE0F2B7 /* CoreMedia.framework in Frameworks */ = {isa = PBXBuildFile; fileRef = 5254DBAB78EBBE697DD8E7AB /* CoreMedia.framework */; };
/* End PBXBuildFile section */

/* Begin PBXContainerItemProxy section */
		E30900FE1AF988DB003E6E2A /* PBXContainerItemProxy */ = {
			isa = PBXContainerItemProxy;
			containerPortal = E30900F71AF988DB003E6E2A /* TBXML.xcodeproj */;
			proxyType = 2;
			remoteGlobalIDString = 829FA09C14D5B52A00D18697;
			remoteInfo = TBXML;
		};
		E30901021AF988DB003E6E2A /* PBXContainerItemProxy */ = {
			isa = PBXContainerItemProxy;
			containerPortal = E30900F71AF988DB003E6E2A /* TBXML.xcodeproj */;
			proxyType = 2;
			remoteGlobalIDString = 8290352514D9F5B200ACF7E4;
			remoteInfo = "TBXML-iOS";
		};
		E34E20741AF2D85E00DD4683 /* PBXContainerItemProxy */ = {
			isa = PBXContainerItemProxy;
			containerPortal = E367BE3E1AF2C58B00BF7D6C /* CocoaHTTPServer_ios.xcodeproj */;
			proxyType = 2;
			remoteGlobalIDString = 9BB11FE1284BB55356E02F47;
			remoteInfo = CocoaHTTPServer;
		};
		E367BEB11AF2E19C00BF7D6C /* PBXContainerItemProxy */ = {
			isa = PBXContainerItemProxy;
			containerPortal = E367BE3B1AF2C58B00BF7D6C /* CocoaAsyncSocket_ios.xcodeproj */;
			proxyType = 2;
			remoteGlobalIDString = 9C6EA8A644F5608B6413BC9F;
			remoteInfo = CocoaAsyncSocket;
		};
/* End PBXContainerItemProxy section */

/* Begin PBXCopyFilesBuildPhase section */
		E367137E1B6BDAFB00B56510 /* Embed Frameworks */ = {
			isa = PBXCopyFilesBuildPhase;
			buildActionMask = 2147483647;
			dstPath = "";
			dstSubfolderSpec = 10;
			files = (
				E38C2B761B703FBB008700FB /* oemcrypto_tfit2_dev_dylib_sim.framework in Embed Frameworks */,
				E38C2B9B1B7124BD008700FB /* oemcrypto_tfit2-eit_dev_dylib.framework in Embed Frameworks */,
			);
			name = "Embed Frameworks";
			runOnlyForDeploymentPostprocessing = 0;
		};
/* End PBXCopyFilesBuildPhase section */

/* Begin PBXFileReference section */
		07AD38975B118A3FAC18FAD2 /* Stream.m */ = {isa = PBXFileReference; lastKnownFileType = sourcecode.c.objc; name = Stream.m; path = cdm_reference_player_ios/Classes/Stream.m; sourceTree = SOURCE_ROOT; };
		080A1685568016AFB8419D56 /* LocalWebConnection.m */ = {isa = PBXFileReference; lastKnownFileType = sourcecode.c.objc; name = LocalWebConnection.m; path = cdm_reference_player_ios/Classes/LocalWebConnection.m; sourceTree = SOURCE_ROOT; };
		0D2270C567D944441117F046 /* AppDelegate.m */ = {isa = PBXFileReference; lastKnownFileType = sourcecode.c.objc; name = AppDelegate.m; path = cdm_reference_player_ios/Classes/AppDelegate.m; sourceTree = SOURCE_ROOT; };
		0D6AED56F206205C7C2A6DB8 /* LocalWebServer.m */ = {isa = PBXFileReference; lastKnownFileType = sourcecode.c.objc; name = LocalWebServer.m; path = cdm_reference_player_ios/Classes/LocalWebServer.m; sourceTree = SOURCE_ROOT; };
		1E2D8E07E53399051A05A871 /* CoreFoundation.framework */ = {isa = PBXFileReference; lastKnownFileType = wrapper.framework; name = CoreFoundation.framework; path = System/Library/Frameworks/CoreFoundation.framework; sourceTree = SDKROOT; };
		21307AADD0E69F1E41A83014 /* AppDelegate.h */ = {isa = PBXFileReference; lastKnownFileType = sourcecode.c.h; name = AppDelegate.h; path = cdm_reference_player_ios/Classes/AppDelegate.h; sourceTree = SOURCE_ROOT; };
		2427F5060B3A7AEA1B0CC5D1 /* UIKit.framework */ = {isa = PBXFileReference; lastKnownFileType = wrapper.framework; name = UIKit.framework; path = System/Library/Frameworks/UIKit.framework; sourceTree = SDKROOT; };
		29A3C6D1FFFB13C23EE63305 /* DetailViewController.h */ = {isa = PBXFileReference; lastKnownFileType = sourcecode.c.h; name = DetailViewController.h; path = cdm_reference_player_ios/Classes/DetailViewController.h; sourceTree = SOURCE_ROOT; };
		314D35F3B535A008EC6F276F /* DetailViewController.m */ = {isa = PBXFileReference; lastKnownFileType = sourcecode.c.objc; name = DetailViewController.m; path = cdm_reference_player_ios/Classes/DetailViewController.m; sourceTree = SOURCE_ROOT; };
		3218E52728994F1C4870D5AC /* Streaming.h */ = {isa = PBXFileReference; lastKnownFileType = sourcecode.c.h; name = Streaming.h; path = cdm_reference_player_ios/Classes/Streaming.h; sourceTree = SOURCE_ROOT; };
		3C99ABA0498D603BF32587C9 /* PlaybackView.m */ = {isa = PBXFileReference; lastKnownFileType = sourcecode.c.objc; name = PlaybackView.m; path = cdm_reference_player_ios/Classes/PlaybackView.m; sourceTree = SOURCE_ROOT; };
		5254DBAB78EBBE697DD8E7AB /* CoreMedia.framework */ = {isa = PBXFileReference; lastKnownFileType = wrapper.framework; name = CoreMedia.framework; path = System/Library/Frameworks/CoreMedia.framework; sourceTree = SDKROOT; };
		568580C710C0BA1203D3341E /* Stream.h */ = {isa = PBXFileReference; lastKnownFileType = sourcecode.c.h; name = Stream.h; path = cdm_reference_player_ios/Classes/Stream.h; sourceTree = SOURCE_ROOT; };
		5F5EF5DB13BA3A4B36A1D312 /* Security.framework */ = {isa = PBXFileReference; lastKnownFileType = wrapper.framework; name = Security.framework; path = System/Library/Frameworks/Security.framework; sourceTree = SDKROOT; };
		603E1E8725C6CCB785CC2B86 /* MasterViewController.h */ = {isa = PBXFileReference; lastKnownFileType = sourcecode.c.h; name = MasterViewController.h; path = cdm_reference_player_ios/Classes/MasterViewController.h; sourceTree = SOURCE_ROOT; };
		688EE9F49558E65235EEC34E /* MasterViewController.m */ = {isa = PBXFileReference; lastKnownFileType = sourcecode.c.objc; name = MasterViewController.m; path = cdm_reference_player_ios/Classes/MasterViewController.m; sourceTree = SOURCE_ROOT; };
		8A5D38A72F529F0B7DA626FD /* Foundation.framework */ = {isa = PBXFileReference; lastKnownFileType = wrapper.framework; name = Foundation.framework; path = System/Library/Frameworks/Foundation.framework; sourceTree = SDKROOT; };
		8D492D9C31A0303F1530CF9F /* RefPlayer_Prefix.pch */ = {isa = PBXFileReference; lastKnownFileType = sourcecode.c.h; name = RefPlayer_Prefix.pch; path = cdm_reference_player_ios/Support/RefPlayer_Prefix.pch; sourceTree = SOURCE_ROOT; };
		8EA175CCA2CEE5F83A658681 /* main.m */ = {isa = PBXFileReference; lastKnownFileType = sourcecode.c.objc; name = main.m; path = cdm_reference_player_ios/Classes/main.m; sourceTree = SOURCE_ROOT; };
		9D83446E14317C30391A4A86 /* PlaybackView.h */ = {isa = PBXFileReference; lastKnownFileType = sourcecode.c.h; name = PlaybackView.h; path = cdm_reference_player_ios/Classes/PlaybackView.h; sourceTree = SOURCE_ROOT; };
		A7F71E543DBDA8A390C4C10E /* LocalWebConnection.h */ = {isa = PBXFileReference; lastKnownFileType = sourcecode.c.h; name = LocalWebConnection.h; path = cdm_reference_player_ios/Classes/LocalWebConnection.h; sourceTree = SOURCE_ROOT; };
		A8AC6A1E44D852B3F0594CC8 /* cdm_reference_player.app */ = {isa = PBXFileReference; explicitFileType = wrapper.application; includeInIndex = 0; path = cdm_reference_player.app; sourceTree = BUILT_PRODUCTS_DIR; };
		A8CE51EEB1C0AD25E5F4E154 /* AVFoundation.framework */ = {isa = PBXFileReference; lastKnownFileType = wrapper.framework; name = AVFoundation.framework; path = System/Library/Frameworks/AVFoundation.framework; sourceTree = SDKROOT; };
		CEC6EFA8FBF6FD21F52904AE /* Base */ = {isa = PBXFileReference; lastKnownFileType = file.xib; name = Base; path = Base.lproj/LaunchScreen.xib; sourceTree = "<group>"; };
		CF23949319E471FB0F7FED76 /* LocalWebServer.h */ = {isa = PBXFileReference; lastKnownFileType = sourcecode.c.h; name = LocalWebServer.h; path = cdm_reference_player_ios/Classes/LocalWebServer.h; sourceTree = SOURCE_ROOT; };
		DCCDF5308D7CD3178BC46A92 /* CFNetwork.framework */ = {isa = PBXFileReference; lastKnownFileType = wrapper.framework; name = CFNetwork.framework; path = System/Library/Frameworks/CFNetwork.framework; sourceTree = SDKROOT; };
		E30900F71AF988DB003E6E2A /* TBXML.xcodeproj */ = {isa = PBXFileReference; lastKnownFileType = "wrapper.pb-project"; path = TBXML.xcodeproj; sourceTree = "<group>"; };
		E367BDCF1AF2C37200BF7D6C /* CdmHandler.h */ = {isa = PBXFileReference; fileEncoding = 4; lastKnownFileType = sourcecode.c.h; name = CdmHandler.h; path = cdm_host_interface/CdmHandler.h; sourceTree = SOURCE_ROOT; };
		E367BDD01AF2C37200BF7D6C /* CdmHost.h */ = {isa = PBXFileReference; fileEncoding = 4; lastKnownFileType = sourcecode.c.h; name = CdmHost.h; path = cdm_host_interface/CdmHost.h; sourceTree = SOURCE_ROOT; };
		E367BDD11AF2C37200BF7D6C /* CdmHost.mm */ = {isa = PBXFileReference; fileEncoding = 4; lastKnownFileType = sourcecode.cpp.objcpp; name = CdmHost.mm; path = cdm_host_interface/CdmHost.mm; sourceTree = SOURCE_ROOT; };
		E367BDD21AF2C37200BF7D6C /* CdmWrapper.h */ = {isa = PBXFileReference; fileEncoding = 4; lastKnownFileType = sourcecode.c.h; name = CdmWrapper.h; path = cdm_host_interface/CdmWrapper.h; sourceTree = SOURCE_ROOT; };
		E367BDD31AF2C37200BF7D6C /* CdmWrapper.mm */ = {isa = PBXFileReference; fileEncoding = 4; lastKnownFileType = sourcecode.cpp.objcpp; name = CdmWrapper.mm; path = cdm_host_interface/CdmWrapper.mm; sourceTree = SOURCE_ROOT; };
		E367BDD51AF2C37200BF7D6C /* iOSDeviceCert.h */ = {isa = PBXFileReference; fileEncoding = 4; lastKnownFileType = sourcecode.c.h; name = iOSDeviceCert.h; path = cdm_host_interface/iOSDeviceCert.h; sourceTree = SOURCE_ROOT; };
		E367BE3B1AF2C58B00BF7D6C /* CocoaAsyncSocket_ios.xcodeproj */ = {isa = PBXFileReference; lastKnownFileType = "wrapper.pb-project"; path = CocoaAsyncSocket_ios.xcodeproj; sourceTree = "<group>"; };
		E367BE3E1AF2C58B00BF7D6C /* CocoaHTTPServer_ios.xcodeproj */ = {isa = PBXFileReference; lastKnownFileType = "wrapper.pb-project"; path = CocoaHTTPServer_ios.xcodeproj; sourceTree = "<group>"; };
		E36F58D71AFC6DC100DEEE20 /* CoreGraphics.framework */ = {isa = PBXFileReference; lastKnownFileType = wrapper.framework; name = CoreGraphics.framework; path = System/Library/Frameworks/CoreGraphics.framework; sourceTree = SDKROOT; };
		E38C2B731B703FAE008700FB /* oemcrypto_tfit2_dev_dylib_sim.framework */ = {isa = PBXFileReference; lastKnownFileType = wrapper.framework; name = oemcrypto_tfit2_dev_dylib_sim.framework; path = oemcrypto_tfit_ios_dylib/dev/oemcrypto_tfit2_dev_dylib_sim.framework; sourceTree = "<group>"; };
		E38C2B991B7124BD008700FB /* oemcrypto_tfit2-eit_dev_dylib.framework */ = {isa = PBXFileReference; lastKnownFileType = wrapper.framework; name = "oemcrypto_tfit2-eit_dev_dylib.framework"; path = "oemcrypto_tfit_ios_dylib/dev/oemcrypto_tfit2-eit_dev_dylib.framework"; sourceTree = "<group>"; };
		E3A59D3A1BD58DAA0018A2E4 /* PlayerControlsView.h */ = {isa = PBXFileReference; fileEncoding = 4; lastKnownFileType = sourcecode.c.h; path = PlayerControlsView.h; sourceTree = "<group>"; };
		E3A59D3B1BD58DAA0018A2E4 /* PlayerScrubberView.h */ = {isa = PBXFileReference; fileEncoding = 4; lastKnownFileType = sourcecode.c.h; path = PlayerScrubberView.h; sourceTree = "<group>"; };
		E3A59D3C1BD58DAA0018A2E4 /* Downloader.h */ = {isa = PBXFileReference; fileEncoding = 4; lastKnownFileType = sourcecode.c.h; path = Downloader.h; sourceTree = "<group>"; };
		E3A59D3D1BD58DAA0018A2E4 /* Downloader.m */ = {isa = PBXFileReference; fileEncoding = 4; lastKnownFileType = sourcecode.c.objc; path = Downloader.m; sourceTree = "<group>"; };
		E3A59D3E1BD58DAA0018A2E4 /* Mpd.h */ = {isa = PBXFileReference; fileEncoding = 4; lastKnownFileType = sourcecode.c.h; path = Mpd.h; sourceTree = "<group>"; };
		E3A59D3F1BD58DAA0018A2E4 /* Mpd.m */ = {isa = PBXFileReference; fileEncoding = 4; lastKnownFileType = sourcecode.c.objc; path = Mpd.m; sourceTree = "<group>"; };
		E3A59D421BD58DD90018A2E4 /* MediaCell.h */ = {isa = PBXFileReference; fileEncoding = 4; lastKnownFileType = sourcecode.c.h; path = MediaCell.h; sourceTree = "<group>"; };
		E3A59D431BD58DD90018A2E4 /* MediaCell.m */ = {isa = PBXFileReference; fileEncoding = 4; lastKnownFileType = sourcecode.c.objc; path = MediaCell.m; sourceTree = "<group>"; };
		E3A59D441BD58DD90018A2E4 /* MediaResource.h */ = {isa = PBXFileReference; fileEncoding = 4; lastKnownFileType = sourcecode.c.h; path = MediaResource.h; sourceTree = "<group>"; };
		E3A59D451BD58DD90018A2E4 /* MediaResource.m */ = {isa = PBXFileReference; fileEncoding = 4; lastKnownFileType = sourcecode.c.objc; path = MediaResource.m; sourceTree = "<group>"; };
		E3A59D481BD58DF20018A2E4 /* PlayerControlsView.m */ = {isa = PBXFileReference; fileEncoding = 4; lastKnownFileType = sourcecode.c.objc; path = PlayerControlsView.m; sourceTree = "<group>"; };
		E3A59D491BD58DF20018A2E4 /* PlayerScrubberView.m */ = {isa = PBXFileReference; fileEncoding = 4; lastKnownFileType = sourcecode.c.objc; path = PlayerScrubberView.m; sourceTree = "<group>"; };
		E3A59D4C1BD58F7A0018A2E4 /* mediaResources.json */ = {isa = PBXFileReference; lastKnownFileType = text.json; path = mediaResources.json; sourceTree = "<group>"; };
		E3A59D5F1BD59B4F0018A2E4 /* ico_download_after.png */ = {isa = PBXFileReference; lastKnownFileType = image.png; path = ico_download_after.png; sourceTree = "<group>"; };
		E3A59D601BD59B4F0018A2E4 /* ico_download_before.png */ = {isa = PBXFileReference; lastKnownFileType = image.png; path = ico_download_before.png; sourceTree = "<group>"; };
		E3A59D611BD59B4F0018A2E4 /* inline_playback_enter_fullscreen_2x.png */ = {isa = PBXFileReference; lastKnownFileType = image.png; path = inline_playback_enter_fullscreen_2x.png; sourceTree = "<group>"; };
		E3A59D621BD59B4F0018A2E4 /* inline_playback_exit_fullscreen_2x.png */ = {isa = PBXFileReference; lastKnownFileType = image.png; path = inline_playback_exit_fullscreen_2x.png; sourceTree = "<group>"; };
		E3C428901BDB4F3F0083B0D9 /* LicenseManager.h */ = {isa = PBXFileReference; fileEncoding = 4; lastKnownFileType = sourcecode.c.h; path = LicenseManager.h; sourceTree = "<group>"; };
		E3C428911BDB4F3F0083B0D9 /* LicenseManager.m */ = {isa = PBXFileReference; fileEncoding = 4; lastKnownFileType = sourcecode.c.objc; path = LicenseManager.m; sourceTree = "<group>"; };
		E3C4DB8F1BD5AB0600D5A74B /* Images.xcassets */ = {isa = PBXFileReference; lastKnownFileType = folder.assetcatalog; path = Images.xcassets; sourceTree = "<group>"; };
		F86EA198D6632F06B8ECE658 /* Info.plist */ = {isa = PBXFileReference; lastKnownFileType = text.plist.xml; name = Info.plist; path = cdm_reference_player_ios/Support/Info.plist; sourceTree = SOURCE_ROOT; };
		FDF77EC58BE9D2B6ECB4E7A4 /* Streaming.mm */ = {isa = PBXFileReference; lastKnownFileType = sourcecode.cpp.objcpp; name = Streaming.mm; path = cdm_reference_player_ios/Classes/Streaming.mm; sourceTree = SOURCE_ROOT; };
/* End PBXFileReference section */

/* Begin PBXFrameworksBuildPhase section */
		F4D69EDAE6C83DB1A44DF17B /* Frameworks */ = {
			isa = PBXFrameworksBuildPhase;
			buildActionMask = 2147483647;
			files = (
				E36F58CD1AFC6C4700DEEE20 /* libCocoaAsyncSocket.a in Frameworks */,
				E36F58CE1AFC6C4700DEEE20 /* libCocoaHTTPServer.a in Frameworks */,
				E36F58D01AFC6C4700DEEE20 /* libTBXML-iOS.a in Frameworks */,
				310871D975AC584DE2576C48 /* AVFoundation.framework in Frameworks */,
				132239B2D3D0320D9D4BA36E /* CFNetwork.framework in Frameworks */,
				782D3BE5BA64D9FC83728775 /* CoreFoundation.framework in Frameworks */,
				E36F58D81AFC6DC100DEEE20 /* CoreGraphics.framework in Frameworks */,
				F78F3116635CA2F99CE0F2B7 /* CoreMedia.framework in Frameworks */,
				4A5B6837B3EBAA181EEBAF57 /* Foundation.framework in Frameworks */,
				8FA1C729D572390720479B7E /* Security.framework in Frameworks */,
				A49F4DB3F710C45C29E75732 /* UIKit.framework in Frameworks */,
				E38C2B9A1B7124BD008700FB /* oemcrypto_tfit2-eit_dev_dylib.framework in Frameworks */,
				E38C2B751B703FBB008700FB /* oemcrypto_tfit2_dev_dylib_sim.framework in Frameworks */,
			);
			runOnlyForDeploymentPostprocessing = 0;
		};
/* End PBXFrameworksBuildPhase section */

/* Begin PBXGroup section */
		08AD10C3E36DBE4038F4EA9B /* Classes */ = {
			isa = PBXGroup;
			children = (
				21307AADD0E69F1E41A83014 /* AppDelegate.h */,
				0D2270C567D944441117F046 /* AppDelegate.m */,
				29A3C6D1FFFB13C23EE63305 /* DetailViewController.h */,
				314D35F3B535A008EC6F276F /* DetailViewController.m */,
				E3A59D3C1BD58DAA0018A2E4 /* Downloader.h */,
				E3A59D3D1BD58DAA0018A2E4 /* Downloader.m */,
				E3C428901BDB4F3F0083B0D9 /* LicenseManager.h */,
				E3C428911BDB4F3F0083B0D9 /* LicenseManager.m */,
				A7F71E543DBDA8A390C4C10E /* LocalWebConnection.h */,
				080A1685568016AFB8419D56 /* LocalWebConnection.m */,
				CF23949319E471FB0F7FED76 /* LocalWebServer.h */,
				0D6AED56F206205C7C2A6DB8 /* LocalWebServer.m */,
				603E1E8725C6CCB785CC2B86 /* MasterViewController.h */,
				688EE9F49558E65235EEC34E /* MasterViewController.m */,
				E3A59D421BD58DD90018A2E4 /* MediaCell.h */,
				E3A59D431BD58DD90018A2E4 /* MediaCell.m */,
				E3A59D441BD58DD90018A2E4 /* MediaResource.h */,
				E3A59D451BD58DD90018A2E4 /* MediaResource.m */,
				E3A59D3E1BD58DAA0018A2E4 /* Mpd.h */,
				E3A59D3F1BD58DAA0018A2E4 /* Mpd.m */,
				9D83446E14317C30391A4A86 /* PlaybackView.h */,
				3C99ABA0498D603BF32587C9 /* PlaybackView.m */,
				E3A59D3A1BD58DAA0018A2E4 /* PlayerControlsView.h */,
				E3A59D481BD58DF20018A2E4 /* PlayerControlsView.m */,
				E3A59D3B1BD58DAA0018A2E4 /* PlayerScrubberView.h */,
				E3A59D491BD58DF20018A2E4 /* PlayerScrubberView.m */,
				568580C710C0BA1203D3341E /* Stream.h */,
				07AD38975B118A3FAC18FAD2 /* Stream.m */,
				3218E52728994F1C4870D5AC /* Streaming.h */,
				FDF77EC58BE9D2B6ECB4E7A4 /* Streaming.mm */,
				8EA175CCA2CEE5F83A658681 /* main.m */,
			);
			name = Classes;
			path = cdm_reference_player_ios/Classes;
			sourceTree = SOURCE_ROOT;
		};
		12FE417566700E00AC9EB66F = {
			isa = PBXGroup;
			children = (
				E367BDCE1AF2C37200BF7D6C /* cdm_host_interface */,
				22DCDD3337FCA837753D2ADF /* cdm_reference_player_ios */,
				79940DC7BEC6AFA41F6F558B /* Projects */,
				FBB0EF706389D1AF4E5FED57 /* Frameworks */,
				286A7B295A360CBB3FA1F411 /* Products */,
			);
			sourceTree = "<group>";
		};
		22DCDD3337FCA837753D2ADF /* cdm_reference_player_ios */ = {
			isa = PBXGroup;
			children = (
				08AD10C3E36DBE4038F4EA9B /* Classes */,
				23A073E842144D99CA3438F6 /* Support */,
			);
			path = cdm_reference_player_ios;
			sourceTree = "<group>";
		};
		23A073E842144D99CA3438F6 /* Support */ = {
			isa = PBXGroup;
			children = (
				E3C4DB8F1BD5AB0600D5A74B /* Images.xcassets */,
				E3A59D5E1BD59B4F0018A2E4 /* Images */,
				F86EA198D6632F06B8ECE658 /* Info.plist */,
				B5C1432EA0C58AFB4EA2B8DD /* LaunchScreen.xib */,
				E3A59D4C1BD58F7A0018A2E4 /* mediaResources.json */,
				8D492D9C31A0303F1530CF9F /* RefPlayer_Prefix.pch */,
			);
			name = Support;
			path = cdm_reference_player_ios/Support;
			sourceTree = SOURCE_ROOT;
		};
		286A7B295A360CBB3FA1F411 /* Products */ = {
			isa = PBXGroup;
			children = (
				A8AC6A1E44D852B3F0594CC8 /* cdm_reference_player.app */,
			);
			name = Products;
			sourceTree = "<group>";
		};
		79940DC7BEC6AFA41F6F558B /* Projects */ = {
			isa = PBXGroup;
			children = (
				E367BE3B1AF2C58B00BF7D6C /* CocoaAsyncSocket_ios.xcodeproj */,
				E367BE3E1AF2C58B00BF7D6C /* CocoaHTTPServer_ios.xcodeproj */,
				E30900F71AF988DB003E6E2A /* TBXML.xcodeproj */,
			);
			name = Projects;
			sourceTree = "<group>";
		};
		E30900F81AF988DB003E6E2A /* Products */ = {
			isa = PBXGroup;
			children = (
				E30900FF1AF988DB003E6E2A /* libTBXML.a */,
				E30901031AF988DB003E6E2A /* libTBXML-iOS.a */,
			);
			name = Products;
			sourceTree = "<group>";
		};
		E34E205F1AF2D85E00DD4683 /* Products */ = {
			isa = PBXGroup;
			children = (
				E34E20751AF2D85E00DD4683 /* libCocoaHTTPServer.a */,
			);
			name = Products;
			sourceTree = "<group>";
		};
		E367BDCE1AF2C37200BF7D6C /* cdm_host_interface */ = {
			isa = PBXGroup;
			children = (
				E367BDCF1AF2C37200BF7D6C /* CdmHandler.h */,
				E367BDD01AF2C37200BF7D6C /* CdmHost.h */,
				E367BDD11AF2C37200BF7D6C /* CdmHost.mm */,
				E367BDD21AF2C37200BF7D6C /* CdmWrapper.h */,
				E367BDD31AF2C37200BF7D6C /* CdmWrapper.mm */,
				E367BDD51AF2C37200BF7D6C /* iOSDeviceCert.h */,
			);
			path = cdm_host_interface;
			sourceTree = "<group>";
		};
		E367BEAE1AF2E19B00BF7D6C /* Products */ = {
			isa = PBXGroup;
			children = (
				E367BEB21AF2E19C00BF7D6C /* libCocoaAsyncSocket.a */,
			);
			name = Products;
			sourceTree = "<group>";
		};
		E3A59D5E1BD59B4F0018A2E4 /* Images */ = {
			isa = PBXGroup;
			children = (
				E3A59D5F1BD59B4F0018A2E4 /* ico_download_after.png */,
				E3A59D601BD59B4F0018A2E4 /* ico_download_before.png */,
				E3A59D611BD59B4F0018A2E4 /* inline_playback_enter_fullscreen_2x.png */,
				E3A59D621BD59B4F0018A2E4 /* inline_playback_exit_fullscreen_2x.png */,
			);
			path = Images;
			sourceTree = "<group>";
		};
		FBB0EF706389D1AF4E5FED57 /* Frameworks */ = {
			isa = PBXGroup;
			children = (
				E38C2B991B7124BD008700FB /* oemcrypto_tfit2-eit_dev_dylib.framework */,
				E38C2B731B703FAE008700FB /* oemcrypto_tfit2_dev_dylib_sim.framework */,
				E36F58D71AFC6DC100DEEE20 /* CoreGraphics.framework */,
				A8CE51EEB1C0AD25E5F4E154 /* AVFoundation.framework */,
				DCCDF5308D7CD3178BC46A92 /* CFNetwork.framework */,
				1E2D8E07E53399051A05A871 /* CoreFoundation.framework */,
				5254DBAB78EBBE697DD8E7AB /* CoreMedia.framework */,
				8A5D38A72F529F0B7DA626FD /* Foundation.framework */,
				5F5EF5DB13BA3A4B36A1D312 /* Security.framework */,
				2427F5060B3A7AEA1B0CC5D1 /* UIKit.framework */,
			);
			name = Frameworks;
			sourceTree = "<group>";
		};
/* End PBXGroup section */

/* Begin PBXNativeTarget section */
		EA366CA36E247489944F66E2 /* cdm_reference_player */ = {
			isa = PBXNativeTarget;
			buildConfigurationList = BBA503313E46179B0E982FB7 /* Build configuration list for PBXNativeTarget "cdm_reference_player" */;
			buildPhases = (
				C5B744002620F58517BB55A1 /* Resources */,
				028F2F3FBFC5782034C1559F /* Sources */,
				F4D69EDAE6C83DB1A44DF17B /* Frameworks */,
				E367137E1B6BDAFB00B56510 /* Embed Frameworks */,
			);
			buildRules = (
			);
			dependencies = (
			);
			name = cdm_reference_player;
			productName = cdm_reference_player;
			productReference = A8AC6A1E44D852B3F0594CC8 /* cdm_reference_player.app */;
			productType = "com.apple.product-type.application";
		};
/* End PBXNativeTarget section */

/* Begin PBXProject section */
		1BAAD98B51B7F97C7161E79C /* Project object */ = {
			isa = PBXProject;
			attributes = {
				BuildIndependentTargetsInParallel = YES;
				LastUpgradeCheck = 0700;
			};
			buildConfigurationList = AE631399C0E341BF039B7144 /* Build configuration list for PBXProject "cdm_player_ios" */;
			compatibilityVersion = "Xcode 3.2";
			developmentRegion = English;
			hasScannedForEncodings = 1;
			knownRegions = (
				en,
				Base,
				English,
			);
			mainGroup = 12FE417566700E00AC9EB66F;
			projectDirPath = "";
			projectReferences = (
				{
					ProductGroup = E367BEAE1AF2E19B00BF7D6C /* Products */;
					ProjectRef = E367BE3B1AF2C58B00BF7D6C /* CocoaAsyncSocket_ios.xcodeproj */;
				},
				{
					ProductGroup = E34E205F1AF2D85E00DD4683 /* Products */;
					ProjectRef = E367BE3E1AF2C58B00BF7D6C /* CocoaHTTPServer_ios.xcodeproj */;
				},
				{
					ProductGroup = E30900F81AF988DB003E6E2A /* Products */;
					ProjectRef = E30900F71AF988DB003E6E2A /* TBXML.xcodeproj */;
				},
			);
			projectRoot = "";
			targets = (
				EA366CA36E247489944F66E2 /* cdm_reference_player */,
			);
		};
/* End PBXProject section */

/* Begin PBXReferenceProxy section */
		E30900FF1AF988DB003E6E2A /* libTBXML.a */ = {
			isa = PBXReferenceProxy;
			fileType = archive.ar;
			path = libTBXML.a;
			remoteRef = E30900FE1AF988DB003E6E2A /* PBXContainerItemProxy */;
			sourceTree = BUILT_PRODUCTS_DIR;
		};
		E30901031AF988DB003E6E2A /* libTBXML-iOS.a */ = {
			isa = PBXReferenceProxy;
			fileType = archive.ar;
			path = "libTBXML-iOS.a";
			remoteRef = E30901021AF988DB003E6E2A /* PBXContainerItemProxy */;
			sourceTree = BUILT_PRODUCTS_DIR;
		};
		E34E20751AF2D85E00DD4683 /* libCocoaHTTPServer.a */ = {
			isa = PBXReferenceProxy;
			fileType = archive.ar;
			path = libCocoaHTTPServer.a;
			remoteRef = E34E20741AF2D85E00DD4683 /* PBXContainerItemProxy */;
			sourceTree = BUILT_PRODUCTS_DIR;
		};
		E367BEB21AF2E19C00BF7D6C /* libCocoaAsyncSocket.a */ = {
			isa = PBXReferenceProxy;
			fileType = archive.ar;
			path = libCocoaAsyncSocket.a;
			remoteRef = E367BEB11AF2E19C00BF7D6C /* PBXContainerItemProxy */;
			sourceTree = BUILT_PRODUCTS_DIR;
		};
/* End PBXReferenceProxy section */

/* Begin PBXResourcesBuildPhase section */
		C5B744002620F58517BB55A1 /* Resources */ = {
			isa = PBXResourcesBuildPhase;
			buildActionMask = 2147483647;
			files = (
				E3A59D631BD59B4F0018A2E4 /* ico_download_after.png in Resources */,
				E3C4DB901BD5AB0600D5A74B /* Images.xcassets in Resources */,
				E3A59D4D1BD58F7A0018A2E4 /* mediaResources.json in Resources */,
				E3A59D661BD59B4F0018A2E4 /* inline_playback_exit_fullscreen_2x.png in Resources */,
				E367BE101AF2C48F00BF7D6C /* LaunchScreen.xib in Resources */,
				E3A59D651BD59B4F0018A2E4 /* inline_playback_enter_fullscreen_2x.png in Resources */,
				E3A59D641BD59B4F0018A2E4 /* ico_download_before.png in Resources */,
				E367BE131AF2C48F00BF7D6C /* RefPlayer_Prefix.pch in Resources */,
			);
			runOnlyForDeploymentPostprocessing = 0;
		};
/* End PBXResourcesBuildPhase section */

/* Begin PBXSourcesBuildPhase section */
		028F2F3FBFC5782034C1559F /* Sources */ = {
			isa = PBXSourcesBuildPhase;
			buildActionMask = 2147483647;
			files = (
				9C05C429251DAE00FA0F11B9 /* PlaybackView.m in Sources */,
				03232E06445820A83A7CA992 /* AppDelegate.m in Sources */,
				E3A59D401BD58DAA0018A2E4 /* Downloader.m in Sources */,
				1CF1204AFAE5BB74672D1BE8 /* DetailViewController.m in Sources */,
				E367BDD71AF2C37200BF7D6C /* CdmWrapper.mm in Sources */,
				E41006763BA1D694F020AAE5 /* LocalWebConnection.m in Sources */,
				4CB8C57B7ADB023F74711002 /* LocalWebServer.m in Sources */,
				E3C428921BDB4F3F0083B0D9 /* LicenseManager.m in Sources */,
				E3A59D411BD58DAA0018A2E4 /* Mpd.m in Sources */,
				0B76131396B938A351DEEA4D /* main.m in Sources */,
				6A154C25EB35BB0636BD02E7 /* MasterViewController.m in Sources */,
				22F5A3CF3D36D5A02B053522 /* Stream.m in Sources */,
				E3A59D4A1BD58DF20018A2E4 /* PlayerControlsView.m in Sources */,
				E367BDD61AF2C37200BF7D6C /* CdmHost.mm in Sources */,
				E3A59D461BD58DD90018A2E4 /* MediaCell.m in Sources */,
				E3A59D471BD58DD90018A2E4 /* MediaResource.m in Sources */,
				AC1C86FFAB6757072747C024 /* Streaming.mm in Sources */,
				E3A59D4B1BD58DF20018A2E4 /* PlayerScrubberView.m in Sources */,
			);
			runOnlyForDeploymentPostprocessing = 0;
		};
/* End PBXSourcesBuildPhase section */

/* Begin PBXVariantGroup section */
		B5C1432EA0C58AFB4EA2B8DD /* LaunchScreen.xib */ = {
			isa = PBXVariantGroup;
			children = (
				CEC6EFA8FBF6FD21F52904AE /* Base */,
			);
			name = LaunchScreen.xib;
			path = cdm_reference_player_ios/Support;
			sourceTree = SOURCE_ROOT;
		};
/* End PBXVariantGroup section */

/* Begin XCBuildConfiguration section */
		0C8AC55ECF4C599A03E6A8B7 /* Release */ = {
			isa = XCBuildConfiguration;
			buildSettings = {
				"ARCHS[sdk=iphoneos*]" = (
					armv7,
					arm64,
				);
				"ARCHS[sdk=iphonesimulator*]" = (
					i386,
					x86_64,
				);
				CLANG_ENABLE_OBJC_ARC = YES;
				CODE_SIGN_IDENTITY = "iPhone Developer";
				COPY_PHASE_STRIP = NO;
				DEAD_CODE_STRIPPING = NO;
				HEADER_SEARCH_PATHS = (
					"${SRCROOT}/CocoaHTTPServer/Core",
					"universal-dash-transmuxer-master/include",
					"$(inherited)",
					/Applications/Xcode.app/Contents/Developer/Toolchains/XcodeDefault.xctoolchain/usr/include,
				);
				INTERMEDIATE_DIR = "$(PROJECT_DERIVED_FILE_DIR)/$(CONFIGURATION)";
				IPHONEOS_DEPLOYMENT_TARGET = 8.0;
				ONLY_ACTIVE_ARCH = NO;
				SDKROOT = iphoneos;
				SHARED_INTERMEDIATE_DIR = "$(SYMROOT)/DerivedSources/$(CONFIGURATION)";
				TARGETED_DEVICE_FAMILY = 1;
				USER_HEADER_SEARCH_PATHS = "CocoaHTTPServer/Core universal-dash-transmuxer/include TBXML/TBXML-Headers widevine-cdm/core/include widevine-cdm/cdm/include";
				VALID_ARCHS = "i386 x86_64 armv7 arm64";
			};
			name = Release;
		};
		66A570A1E2E01D21EA234A20 /* Release */ = {
			isa = XCBuildConfiguration;
			buildSettings = {
				ASSETCATALOG_COMPILER_APPICON_NAME = AppIcon;
				ASSETCATALOG_COMPILER_LAUNCHIMAGE_NAME = LaunchImage;
				CLANG_ENABLE_OBJC_ARC = YES;
				CODE_SIGN_IDENTITY = "iPhone Developer";
				"CODE_SIGN_IDENTITY[sdk=iphoneos*]" = "iPhone Developer";
				ENABLE_BITCODE = NO;
				FRAMEWORK_SEARCH_PATHS = (
					"$(inherited)",
					"$(PROJECT_DIR)/oemcrypto_tfit_ios_dylib/dev",
				);
				GCC_OPTIMIZATION_LEVEL = 0;
				GCC_PREFIX_HEADER = cdm_reference_player_ios_v1.0/Support/RefPlayer_Prefix.pch;
				GCC_PREPROCESSOR_DEFINITIONS = (
					"PLATFORM_COMPANY_NAME_WV=\\\"WV\\\"",
					"PLATFORM_MODEL_NAME_WV=\\\"6+\\\"",
					"PLATFORM_ARCHITECTURE_NAME_WV=\\\"arm64\\\"",
					"PLATFORM_DEVICE_NAME_WV=\\\"iPhone\\\"",
					"PLATFORM_PRODUCT_NAME_WV=\\\"cdm_test_app\\\"",
					"PLATFORM_BUILDINFO_WV=\\\"0.1\\\"",
					"PLATFORM_CERTIFICATE_PROV=true",
					"PLATFORM_REQUIRES_SECURE_BUFFERS=false",
					"PLATFORM_USES_CLEAR_BUFFERS=!false",
					OEMCRYPTO_DYLIB,
				);
				HEADER_SEARCH_PATHS = (
					"${SRCROOT}/universal-dash-transmuxer-master/include",
					"widevine-cdm/**",
					"widevine-cdm/core/include",
					"widevine-cdm/oemcrypto/include",
					"widevine-cdm/third_party/stringencoders/src",
					"TBXML-master/TBXML-Headers",
					"CocoaHTTPServer-master/Core",
					"universal-dash-transmuxer-master",
				);
				INFOPLIST_FILE = "$(SRCROOT)/cdm_reference_player_ios/Support/Info.plist";
				IPHONEOS_DEPLOYMENT_TARGET = 8.0;
				LD_RUNPATH_SEARCH_PATHS = "$(inherited) @executable_path/Frameworks";
				LIBRARY_SEARCH_PATHS = (
					"$(BUILD_DIR)/$(CONFIGURATION)$(EFFECTIVE_PLATFORM_NAME)",
					"$(PROJECT_DIR)/oemcrypto_tfit_ios_dylib/release",
					"$(PROJECT_DIR)/oemcrypto_tfit_ios_dylib/dev",
				);
				ONLY_ACTIVE_ARCH = YES;
				PRODUCT_BUNDLE_IDENTIFIER = "Google.Widevine.$(PRODUCT_NAME:rfc1034identifier)";
				PRODUCT_NAME = cdm_reference_player;
				PROVISIONING_PROFILE = "";
				TARGETED_DEVICE_FAMILY = "1,2";
				USER_HEADER_SEARCH_PATHS = "CocoaHTTPServer/Core universal-dash-transmuxer/include TBXML-master/TBXML-Headers widevine-cdm/core/include widevine-cdm/cdm/include";
				VALID_ARCHS = "i386 armv7 arm64 x86_64";
				WRAPPER_PREFIX = "";
				proto_dir = cdm_host_interface;
				protobuf_lib = libProtocolBuffers.a;
				protobuf_lib_type = "";
				protoc_dir = cdm_host_interface;
			};
			name = Release;
		};
		A1342A3431FF0549449AC119 /* Debug */ = {
			isa = XCBuildConfiguration;
			buildSettings = {
				"ARCHS[sdk=iphoneos*]" = (
					armv7,
					arm64,
				);
				"ARCHS[sdk=iphonesimulator*]" = (
					i386,
					x86_64,
				);
				CLANG_ENABLE_OBJC_ARC = YES;
				CODE_SIGN_IDENTITY = "iPhone Developer";
				COPY_PHASE_STRIP = NO;
				DEAD_CODE_STRIPPING = NO;
				ENABLE_TESTABILITY = YES;
				HEADER_SEARCH_PATHS = (
					"${SRCROOT}/CocoaHTTPServer/Core",
					"universal-dash-transmuxer-master/include",
					"$(inherited)",
					/Applications/Xcode.app/Contents/Developer/Toolchains/XcodeDefault.xctoolchain/usr/include,
				);
				INTERMEDIATE_DIR = "$(PROJECT_DERIVED_FILE_DIR)/$(CONFIGURATION)";
				IPHONEOS_DEPLOYMENT_TARGET = 8.0;
				ONLY_ACTIVE_ARCH = YES;
				SDKROOT = iphoneos;
				SHARED_INTERMEDIATE_DIR = "$(SYMROOT)/DerivedSources/$(CONFIGURATION)";
				TARGETED_DEVICE_FAMILY = 1;
				USER_HEADER_SEARCH_PATHS = "CocoaHTTPServer/Core universal-dash-transmuxer/include TBXML/TBXML-Headers widevine-cdm/core/include widevine-cdm/cdm/include";
				VALID_ARCHS = "i386 armv7 arm64 x86_64";
			};
			name = Debug;
		};
		F817ACD45E7561B0C5BE5BF9 /* Debug */ = {
			isa = XCBuildConfiguration;
			buildSettings = {
				ASSETCATALOG_COMPILER_APPICON_NAME = AppIcon;
				ASSETCATALOG_COMPILER_LAUNCHIMAGE_NAME = LaunchImage;
				CLANG_ENABLE_OBJC_ARC = YES;
				CODE_SIGN_IDENTITY = "iPhone Developer";
				"CODE_SIGN_IDENTITY[sdk=iphoneos*]" = "iPhone Developer";
				ENABLE_BITCODE = NO;
				FRAMEWORK_SEARCH_PATHS = (
					"$(inherited)",
					"$(PROJECT_DIR)/oemcrypto_tfit_ios_dylib/dev",
				);
				GCC_OPTIMIZATION_LEVEL = 0;
				GCC_PREFIX_HEADER = cdm_reference_player_ios/Support/RefPlayer_Prefix.pch;
				GCC_PREPROCESSOR_DEFINITIONS = (
					"PLATFORM_COMPANY_NAME_WV=\\\"WV\\\"",
					"PLATFORM_MODEL_NAME_WV=\\\"6+\\\"",
					"PLATFORM_ARCHITECTURE_NAME_WV=\\\"arm64\\\"",
					"PLATFORM_DEVICE_NAME_WV=\\\"iPhone\\\"",
					"PLATFORM_PRODUCT_NAME_WV=\\\"cdm_test_app\\\"",
					"PLATFORM_BUILDINFO_WV=\\\"0.1\\\"",
					"PLATFORM_CERTIFICATE_PROV=true",
					"PLATFORM_REQUIRES_SECURE_BUFFERS=false",
					"PLATFORM_USES_CLEAR_BUFFERS=!false",
					OEMCRYPTO_DYLIB,
					_DEBUG,
				);
				HEADER_SEARCH_PATHS = (
					"${SRCROOT}/universal-dash-transmuxer-master/include",
					"widevine-cdm/**",
					"widevine-cdm/core/include",
					"widevine-cdm/oemcrypto/include",
					"widevine-cdm/third_party/stringencoders/src",
					"TBXML-master/TBXML-Headers",
					"CocoaHTTPServer-master/Core",
					"universal-dash-transmuxer-master",
				);
				INFOPLIST_FILE = "$(SRCROOT)/cdm_reference_player_ios/Support/Info.plist";
				IPHONEOS_DEPLOYMENT_TARGET = 8.0;
				LD_RUNPATH_SEARCH_PATHS = "$(inherited) @executable_path/Frameworks";
				LIBRARY_SEARCH_PATHS = (
					"$(BUILD_DIR)/$(CONFIGURATION)$(EFFECTIVE_PLATFORM_NAME)",
					"$(PROJECT_DIR)/oemcrypto_tfit_ios_dylib/dev",
				);
				ONLY_ACTIVE_ARCH = YES;
				PRODUCT_BUNDLE_IDENTIFIER = "Google.Widevine.$(PRODUCT_NAME:rfc1034identifier)";
				PRODUCT_NAME = cdm_reference_player;
				PROVISIONING_PROFILE = "";
				TARGETED_DEVICE_FAMILY = "1,2";
				USER_HEADER_SEARCH_PATHS = "CocoaHTTPServer/Core universal-dash-transmuxer/include TBXML-master/TBXML-Headers widevine-cdm/core/include widevine-cdm/cdm/include";
				VALID_ARCHS = "i386 armv7 arm64 x86_64";
				WRAPPER_PREFIX = "";
				proto_dir = cdm_host_interface;
				protobuf_lib = libProtocolBuffers.a;
				protobuf_lib_type = "";
				protoc_dir = cdm_host_interface;
			};
			name = Debug;
		};
/* End XCBuildConfiguration section */

/* Begin XCConfigurationList section */
		AE631399C0E341BF039B7144 /* Build configuration list for PBXProject "cdm_player_ios" */ = {
			isa = XCConfigurationList;
			buildConfigurations = (
				A1342A3431FF0549449AC119 /* Debug */,
				0C8AC55ECF4C599A03E6A8B7 /* Release */,
			);
			defaultConfigurationIsVisible = 1;
			defaultConfigurationName = Debug;
		};
		BBA503313E46179B0E982FB7 /* Build configuration list for PBXNativeTarget "cdm_reference_player" */ = {
			isa = XCConfigurationList;
			buildConfigurations = (
				F817ACD45E7561B0C5BE5BF9 /* Debug */,
				66A570A1E2E01D21EA234A20 /* Release */,
			);
			defaultConfigurationIsVisible = 1;
			defaultConfigurationName = Debug;
		};
/* End XCConfigurationList section */
	};
	rootObject = 1BAAD98B51B7F97C7161E79C /* Project object */;
}
